
Microsoft Visual Studio Solution File, Format Version 12.00
# Visual Studio Version 16
VisualStudioVersion = 16.0.30503.244
MinimumVisualStudioVersion = 10.0.40219.1
Project("{FAE04EC0-301F-11D3-BF4B-00C04F79EFBC}") = "TestLab1", "TestLab1.csproj", "{F1591D05-F509-4948-B77C-9E6E52ECA3A3}"
EndProject
Global
	GlobalSection(SolutionConfigurationPlatforms) = preSolution
		Debug|Any CPU = Debug|Any CPU
		Release|Any CPU = Release|Any CPU
	EndGlobalSection
	GlobalSection(ProjectConfigurationPlatforms) = postSolution
		{F1591D05-F509-4948-B77C-9E6E52ECA3A3}.Debug|Any CPU.ActiveCfg = Debug|Any CPU
		{F1591D05-F509-4948-B77C-9E6E52ECA3A3}.Debug|Any CPU.Build.0 = Debug|Any CPU
		{F1591D05-F509-4948-B77C-9E6E52ECA3A3}.Release|Any CPU.ActiveCfg = Release|Any CPU
		{F1591D05-F509-4948-B77C-9E6E52ECA3A3}.Release|Any CPU.Build.0 = Release|Any CPU
	EndGlobalSection
	GlobalSection(SolutionProperties) = preSolution
		HideSolutionNode = FALSE
	EndGlobalSection
	GlobalSection(ExtensibilityGlobals) = postSolution
		SolutionGuid = {47945C96-D664-4BC7-8781-CEBB6896A4EF}
	EndGlobalSection
EndGlobal
